// !$*UTF8*$!
{
	archiveVersion = 1;
	classes = {
	};
	objectVersion = 46;
	objects = {

/* Begin PBXBuildFile section */
		6E27F1661832EF8F00B626CE /* UIKit.framework in Frameworks */ = {isa = PBXBuildFile; fileRef = 6E27F1651832EF8F00B626CE /* UIKit.framework */; };
		6E27F1681832EF8F00B626CE /* Foundation.framework in Frameworks */ = {isa = PBXBuildFile; fileRef = 6E27F1671832EF8F00B626CE /* Foundation.framework */; };
		6E27F16A1832EF8F00B626CE /* CoreGraphics.framework in Frameworks */ = {isa = PBXBuildFile; fileRef = 6E27F1691832EF8F00B626CE /* CoreGraphics.framework */; };
		6E27F1701832EF8F00B626CE /* InfoPlist.strings in Resources */ = {isa = PBXBuildFile; fileRef = 6E27F16E1832EF8F00B626CE /* InfoPlist.strings */; };
		6E27F1721832EF8F00B626CE /* main.m in Sources */ = {isa = PBXBuildFile; fileRef = 6E27F1711832EF8F00B626CE /* main.m */; };
		6E27F1761832EF8F00B626CE /* AppDelegate.m in Sources */ = {isa = PBXBuildFile; fileRef = 6E27F1751832EF8F00B626CE /* AppDelegate.m */; };
		6E27F1781832EF8F00B626CE /* Default.png in Resources */ = {isa = PBXBuildFile; fileRef = 6E27F1771832EF8F00B626CE /* Default.png */; };
		6E27F17A1832EF8F00B626CE /* Default@2x.png in Resources */ = {isa = PBXBuildFile; fileRef = 6E27F1791832EF8F00B626CE /* Default@2x.png */; };
		6E27F17C1832EF8F00B626CE /* Default-568h@2x.png in Resources */ = {isa = PBXBuildFile; fileRef = 6E27F17B1832EF8F00B626CE /* Default-568h@2x.png */; };
		6E27F17F1832EF8F00B626CE /* ViewController.m in Sources */ = {isa = PBXBuildFile; fileRef = 6E27F17E1832EF8F00B626CE /* ViewController.m */; };
		6E27F1821832EF8F00B626CE /* ViewController.xib in Resources */ = {isa = PBXBuildFile; fileRef = 6E27F1801832EF8F00B626CE /* ViewController.xib */; };
		6E27F18A1832EF9000B626CE /* SenTestingKit.framework in Frameworks */ = {isa = PBXBuildFile; fileRef = 6E27F1891832EF9000B626CE /* SenTestingKit.framework */; };
		6E27F18B1832EF9000B626CE /* UIKit.framework in Frameworks */ = {isa = PBXBuildFile; fileRef = 6E27F1651832EF8F00B626CE /* UIKit.framework */; };
		6E27F18C1832EF9000B626CE /* Foundation.framework in Frameworks */ = {isa = PBXBuildFile; fileRef = 6E27F1671832EF8F00B626CE /* Foundation.framework */; };
		6E27F1941832EF9000B626CE /* InfoPlist.strings in Resources */ = {isa = PBXBuildFile; fileRef = 6E27F1921832EF9000B626CE /* InfoPlist.strings */; };
		6E27F1971832EF9000B626CE /* Practice_Project_8Tests.m in Sources */ = {isa = PBXBuildFile; fileRef = 6E27F1961832EF9000B626CE /* Practice_Project_8Tests.m */; };
/* End PBXBuildFile section */

/* Begin PBXContainerItemProxy section */
		6E27F18D1832EF9000B626CE /* PBXContainerItemProxy */ = {
			isa = PBXContainerItemProxy;
			containerPortal = 6E27F15A1832EF8F00B626CE /* Project object */;
			proxyType = 1;
			remoteGlobalIDString = 6E27F1611832EF8F00B626CE;
			remoteInfo = "Practice Project 8";
		};
/* End PBXContainerItemProxy section */

/* Begin PBXFileReference section */
		6E27F1621832EF8F00B626CE /* Practice Project 8.app */ = {isa = PBXFileReference; explicitFileType = wrapper.application; includeInIndex = 0; path = "Practice Project 8.app"; sourceTree = BUILT_PRODUCTS_DIR; };
		6E27F1651832EF8F00B626CE /* UIKit.framework */ = {isa = PBXFileReference; lastKnownFileType = wrapper.framework; name = UIKit.framework; path = System/Library/Frameworks/UIKit.framework; sourceTree = SDKROOT; };
		6E27F1671832EF8F00B626CE /* Foundation.framework */ = {isa = PBXFileReference; lastKnownFileType = wrapper.framework; name = Foundation.framework; path = System/Library/Frameworks/Foundation.framework; sourceTree = SDKROOT; };
		6E27F1691832EF8F00B626CE /* CoreGraphics.framework */ = {isa = PBXFileReference; lastKnownFileType = wrapper.framework; name = CoreGraphics.framework; path = System/Library/Frameworks/CoreGraphics.framework; sourceTree = SDKROOT; };
		6E27F16D1832EF8F00B626CE /* Practice Project 8-Info.plist */ = {isa = PBXFileReference; lastKnownFileType = text.plist.xml; path = "Practice Project 8-Info.plist"; sourceTree = "<group>"; };
		6E27F16F1832EF8F00B626CE /* en */ = {isa = PBXFileReference; lastKnownFileType = text.plist.strings; name = en; path = en.lproj/InfoPlist.strings; sourceTree = "<group>"; };
		6E27F1711832EF8F00B626CE /* main.m */ = {isa = PBXFileReference; lastKnownFileType = sourcecode.c.objc; path = main.m; sourceTree = "<group>"; };
		6E27F1731832EF8F00B626CE /* Practice Project 8-Prefix.pch */ = {isa = PBXFileReference; lastKnownFileType = sourcecode.c.h; path = "Practice Project 8-Prefix.pch"; sourceTree = "<group>"; };
		6E27F1741832EF8F00B626CE /* AppDelegate.h */ = {isa = PBXFileReference; lastKnownFileType = sourcecode.c.h; path = AppDelegate.h; sourceTree = "<group>"; };
		6E27F1751832EF8F00B626CE /* AppDelegate.m */ = {isa = PBXFileReference; lastKnownFileType = sourcecode.c.objc; path = AppDelegate.m; sourceTree = "<group>"; };
		6E27F1771832EF8F00B626CE /* Default.png */ = {isa = PBXFileReference; lastKnownFileType = image.png; path = Default.png; sourceTree = "<group>"; };
		6E27F1791832EF8F00B626CE /* Default@2x.png */ = {isa = PBXFileReference; lastKnownFileType = image.png; path = "Default@2x.png"; sourceTree = "<group>"; };
		6E27F17B1832EF8F00B626CE /* Default-568h@2x.png */ = {isa = PBXFileReference; lastKnownFileType = image.png; path = "Default-568h@2x.png"; sourceTree = "<group>"; };
		6E27F17D1832EF8F00B626CE /* ViewController.h */ = {isa = PBXFileReference; lastKnownFileType = sourcecode.c.h; path = ViewController.h; sourceTree = "<group>"; };
		6E27F17E1832EF8F00B626CE /* ViewController.m */ = {isa = PBXFileReference; lastKnownFileType = sourcecode.c.objc; path = ViewController.m; sourceTree = "<group>"; };
		6E27F1811832EF8F00B626CE /* en */ = {isa = PBXFileReference; lastKnownFileType = file.xib; name = en; path = en.lproj/ViewController.xib; sourceTree = "<group>"; };
		6E27F1881832EF9000B626CE /* Practice Project 8Tests.octest */ = {isa = PBXFileReference; explicitFileType = wrapper.cfbundle; includeInIndex = 0; path = "Practice Project 8Tests.octest"; sourceTree = BUILT_PRODUCTS_DIR; };
		6E27F1891832EF9000B626CE /* SenTestingKit.framework */ = {isa = PBXFileReference; lastKnownFileType = wrapper.framework; name = SenTestingKit.framework; path = Library/Frameworks/SenTestingKit.framework; sourceTree = DEVELOPER_DIR; };
		6E27F1911832EF9000B626CE /* Practice Project 8Tests-Info.plist */ = {isa = PBXFileReference; lastKnownFileType = text.plist.xml; path = "Practice Project 8Tests-Info.plist"; sourceTree = "<group>"; };
		6E27F1931832EF9000B626CE /* en */ = {isa = PBXFileReference; lastKnownFileType = text.plist.strings; name = en; path = en.lproj/InfoPlist.strings; sourceTree = "<group>"; };
		6E27F1951832EF9000B626CE /* Practice_Project_8Tests.h */ = {isa = PBXFileReference; lastKnownFileType = sourcecode.c.h; path = Practice_Project_8Tests.h; sourceTree = "<group>"; };
		6E27F1961832EF9000B626CE /* Practice_Project_8Tests.m */ = {isa = PBXFileReference; lastKnownFileType = sourcecode.c.objc; path = Practice_Project_8Tests.m; sourceTree = "<group>"; };
/* End PBXFileReference section */

/* Begin PBXFrameworksBuildPhase section */
		6E27F15F1832EF8F00B626CE /* Frameworks */ = {
			isa = PBXFrameworksBuildPhase;
			buildActionMask = 2147483647;
			files = (
				6E27F1661832EF8F00B626CE /* UIKit.framework in Frameworks */,
				6E27F1681832EF8F00B626CE /* Foundation.framework in Frameworks */,
				6E27F16A1832EF8F00B626CE /* CoreGraphics.framework in Frameworks */,
			);
			runOnlyForDeploymentPostprocessing = 0;
		};
		6E27F1841832EF9000B626CE /* Frameworks */ = {
			isa = PBXFrameworksBuildPhase;
			buildActionMask = 2147483647;
			files = (
				6E27F18A1832EF9000B626CE /* SenTestingKit.framework in Frameworks */,
				6E27F18B1832EF9000B626CE /* UIKit.framework in Frameworks */,
				6E27F18C1832EF9000B626CE /* Foundation.framework in Frameworks */,
			);
			runOnlyForDeploymentPostprocessing = 0;
		};
/* End PBXFrameworksBuildPhase section */

/* Begin PBXGroup section */
		6E27F1591832EF8F00B626CE = {
			isa = PBXGroup;
			children = (
				6E27F16B1832EF8F00B626CE /* Practice Project 8 */,
				6E27F18F1832EF9000B626CE /* Practice Project 8Tests */,
				6E27F1641832EF8F00B626CE /* Frameworks */,
				6E27F1631832EF8F00B626CE /* Products */,
			);
			sourceTree = "<group>";
		};
		6E27F1631832EF8F00B626CE /* Products */ = {
			isa = PBXGroup;
			children = (
				6E27F1621832EF8F00B626CE /* Practice Project 8.app */,
				6E27F1881832EF9000B626CE /* Practice Project 8Tests.octest */,
			);
			name = Products;
			sourceTree = "<group>";
		};
		6E27F1641832EF8F00B626CE /* Frameworks */ = {
			isa = PBXGroup;
			children = (
				6E27F1651832EF8F00B626CE /* UIKit.framework */,
				6E27F1671832EF8F00B626CE /* Foundation.framework */,
				6E27F1691832EF8F00B626CE /* CoreGraphics.framework */,
				6E27F1891832EF9000B626CE /* SenTestingKit.framework */,
			);
			name = Frameworks;
			sourceTree = "<group>";
		};
		6E27F16B1832EF8F00B626CE /* Practice Project 8 */ = {
			isa = PBXGroup;
			children = (
				6E27F1741832EF8F00B626CE /* AppDelegate.h */,
				6E27F1751832EF8F00B626CE /* AppDelegate.m */,
				6E27F17D1832EF8F00B626CE /* ViewController.h */,
				6E27F17E1832EF8F00B626CE /* ViewController.m */,
				6E27F1801832EF8F00B626CE /* ViewController.xib */,
				6E27F16C1832EF8F00B626CE /* Supporting Files */,
			);
			path = "Practice Project 8";
			sourceTree = "<group>";
		};
		6E27F16C1832EF8F00B626CE /* Supporting Files */ = {
			isa = PBXGroup;
			children = (
				6E27F16D1832EF8F00B626CE /* Practice Project 8-Info.plist */,
				6E27F16E1832EF8F00B626CE /* InfoPlist.strings */,
				6E27F1711832EF8F00B626CE /* main.m */,
				6E27F1731832EF8F00B626CE /* Practice Project 8-Prefix.pch */,
				6E27F1771832EF8F00B626CE /* Default.png */,
				6E27F1791832EF8F00B626CE /* Default@2x.png */,
				6E27F17B1832EF8F00B626CE /* Default-568h@2x.png */,
			);
			name = "Supporting Files";
			sourceTree = "<group>";
		};
		6E27F18F1832EF9000B626CE /* Practice Project 8Tests */ = {
			isa = PBXGroup;
			children = (
				6E27F1951832EF9000B626CE /* Practice_Project_8Tests.h */,
				6E27F1961832EF9000B626CE /* Practice_Project_8Tests.m */,
				6E27F1901832EF9000B626CE /* Supporting Files */,
			);
			path = "Practice Project 8Tests";
			sourceTree = "<group>";
		};
		6E27F1901832EF9000B626CE /* Supporting Files */ = {
			isa = PBXGroup;
			children = (
				6E27F1911832EF9000B626CE /* Practice Project 8Tests-Info.plist */,
				6E27F1921832EF9000B626CE /* InfoPlist.strings */,
			);
			name = "Supporting Files";
			sourceTree = "<group>";
		};
/* End PBXGroup section */

/* Begin PBXNativeTarget section */
		6E27F1611832EF8F00B626CE /* Practice Project 8 */ = {
			isa = PBXNativeTarget;
			buildConfigurationList = 6E27F19A1832EF9000B626CE /* Build configuration list for PBXNativeTarget "Practice Project 8" */;
			buildPhases = (
				6E27F15E1832EF8F00B626CE /* Sources */,
				6E27F15F1832EF8F00B626CE /* Frameworks */,
				6E27F1601832EF8F00B626CE /* Resources */,
			);
			buildRules = (
			);
			dependencies = (
			);
			name = "Practice Project 8";
			productName = "Practice Project 8";
			productReference = 6E27F1621832EF8F00B626CE /* Practice Project 8.app */;
			productType = "com.apple.product-type.application";
		};
		6E27F1871832EF9000B626CE /* Practice Project 8Tests */ = {
			isa = PBXNativeTarget;
			buildConfigurationList = 6E27F19D1832EF9000B626CE /* Build configuration list for PBXNativeTarget "Practice Project 8Tests" */;
			buildPhases = (
				6E27F1831832EF9000B626CE /* Sources */,
				6E27F1841832EF9000B626CE /* Frameworks */,
				6E27F1851832EF9000B626CE /* Resources */,
				6E27F1861832EF9000B626CE /* ShellScript */,
			);
			buildRules = (
			);
			dependencies = (
				6E27F18E1832EF9000B626CE /* PBXTargetDependency */,
			);
			name = "Practice Project 8Tests";
			productName = "Practice Project 8Tests";
			productReference = 6E27F1881832EF9000B626CE /* Practice Project 8Tests.octest */;
			productType = "com.apple.product-type.bundle";
		};
/* End PBXNativeTarget section */

/* Begin PBXProject section */
		6E27F15A1832EF8F00B626CE /* Project object */ = {
			isa = PBXProject;
			attributes = {
				LastUpgradeCheck = 0460;
				ORGANIZATIONNAME = "Michele Laramore";
			};
			buildConfigurationList = 6E27F15D1832EF8F00B626CE /* Build configuration list for PBXProject "Practice Project 8" */;
			compatibilityVersion = "Xcode 3.2";
			developmentRegion = English;
			hasScannedForEncodings = 0;
			knownRegions = (
				en,
			);
			mainGroup = 6E27F1591832EF8F00B626CE;
			productRefGroup = 6E27F1631832EF8F00B626CE /* Products */;
			projectDirPath = "";
			projectRoot = "";
			targets = (
				6E27F1611832EF8F00B626CE /* Practice Project 8 */,
				6E27F1871832EF9000B626CE /* Practice Project 8Tests */,
			);
		};
/* End PBXProject section */

/* Begin PBXResourcesBuildPhase section */
		6E27F1601832EF8F00B626CE /* Resources */ = {
			isa = PBXResourcesBuildPhase;
			buildActionMask = 2147483647;
			files = (
				6E27F1701832EF8F00B626CE /* InfoPlist.strings in Resources */,
				6E27F1781832EF8F00B626CE /* Default.png in Resources */,
				6E27F17A1832EF8F00B626CE /* Default@2x.png in Resources */,
				6E27F17C1832EF8F00B626CE /* Default-568h@2x.png in Resources */,
				6E27F1821832EF8F00B626CE /* ViewController.xib in Resources */,
			);
			runOnlyForDeploymentPostprocessing = 0;
		};
		6E27F1851832EF9000B626CE /* Resources */ = {
			isa = PBXResourcesBuildPhase;
			buildActionMask = 2147483647;
			files = (
				6E27F1941832EF9000B626CE /* InfoPlist.strings in Resources */,
			);
			runOnlyForDeploymentPostprocessing = 0;
		};
/* End PBXResourcesBuildPhase section */

/* Begin PBXShellScriptBuildPhase section */
		6E27F1861832EF9000B626CE /* ShellScript */ = {
			isa = PBXShellScriptBuildPhase;
			buildActionMask = 2147483647;
			files = (
			);
			inputPaths = (
			);
			outputPaths = (
			);
			runOnlyForDeploymentPostprocessing = 0;
			shellPath = /bin/sh;
			shellScript = "# Run the unit tests in this test bundle.\n\"${SYSTEM_DEVELOPER_DIR}/Tools/RunUnitTests\"\n";
		};
/* End PBXShellScriptBuildPhase section */

/* Begin PBXSourcesBuildPhase section */
		6E27F15E1832EF8F00B626CE /* Sources */ = {
			isa = PBXSourcesBuildPhase;
			buildActionMask = 2147483647;
			files = (
				6E27F1721832EF8F00B626CE /* main.m in Sources */,
				6E27F1761832EF8F00B626CE /* AppDelegate.m in Sources */,
				6E27F17F1832EF8F00B626CE /* ViewController.m in Sources */,
			);
			runOnlyForDeploymentPostprocessing = 0;
		};
		6E27F1831832EF9000B626CE /* Sources */ = {
			isa = PBXSourcesBuildPhase;
			buildActionMask = 2147483647;
			files = (
				6E27F1971832EF9000B626CE /* Practice_Project_8Tests.m in Sources */,
			);
			runOnlyForDeploymentPostprocessing = 0;
		};
/* End PBXSourcesBuildPhase section */

/* Begin PBXTargetDependency section */
		6E27F18E1832EF9000B626CE /* PBXTargetDependency */ = {
			isa = PBXTargetDependency;
			target = 6E27F1611832EF8F00B626CE /* Practice Project 8 */;
			targetProxy = 6E27F18D1832EF9000B626CE /* PBXContainerItemProxy */;
		};
/* End PBXTargetDependency section */

/* Begin PBXVariantGroup section */
		6E27F16E1832EF8F00B626CE /* InfoPlist.strings */ = {
			isa = PBXVariantGroup;
			children = (
				6E27F16F1832EF8F00B626CE /* en */,
			);
			name = InfoPlist.strings;
			sourceTree = "<group>";
		};
		6E27F1801832EF8F00B626CE /* ViewController.xib */ = {
			isa = PBXVariantGroup;
			children = (
				6E27F1811832EF8F00B626CE /* en */,
			);
			name = ViewController.xib;
			sourceTree = "<group>";
		};
		6E27F1921832EF9000B626CE /* InfoPlist.strings */ = {
			isa = PBXVariantGroup;
			children = (
				6E27F1931832EF9000B626CE /* en */,
			);
			name = InfoPlist.strings;
			sourceTree = "<group>";
		};
/* End PBXVariantGroup section */

/* Begin XCBuildConfiguration section */
		6E27F1981832EF9000B626CE /* Debug */ = {
			isa = XCBuildConfiguration;
			buildSettings = {
				ALWAYS_SEARCH_USER_PATHS = NO;
				CLANG_CXX_LANGUAGE_STANDARD = "gnu++0x";
				CLANG_CXX_LIBRARY = "libc++";
				CLANG_ENABLE_OBJC_ARC = YES;
				CLANG_WARN_CONSTANT_CONVERSION = YES;
				CLANG_WARN_EMPTY_BODY = YES;
				CLANG_WARN_ENUM_CONVERSION = YES;
				CLANG_WARN_INT_CONVERSION = YES;
				CLANG_WARN__DUPLICATE_METHOD_MATCH = YES;
				"CODE_SIGN_IDENTITY[sdk=iphoneos*]" = "iPhone Developer";
				COPY_PHASE_STRIP = NO;
				GCC_C_LANGUAGE_STANDARD = gnu99;
				GCC_DYNAMIC_NO_PIC = NO;
				GCC_OPTIMIZATION_LEVEL = 0;
				GCC_PREPROCESSOR_DEFINITIONS = (
					"DEBUG=1",
					"$(inherited)",
				);
				GCC_SYMBOLS_PRIVATE_EXTERN = NO;
				GCC_WARN_ABOUT_RETURN_TYPE = YES;
				GCC_WARN_UNINITIALIZED_AUTOS = YES;
				GCC_WARN_UNUSED_VARIABLE = YES;
				IPHONEOS_DEPLOYMENT_TARGET = 6.1;
				ONLY_ACTIVE_ARCH = YES;
				SDKROOT = iphoneos;
				TARGETED_DEVICE_FAMILY = 2;
			};
			name = Debug;
		};
		6E27F1991832EF9000B626CE /* Release */ = {
			isa = XCBuildConfiguration;
			buildSettings = {
				ALWAYS_SEARCH_USER_PATHS = NO;
				CLANG_CXX_LANGUAGE_STANDARD = "gnu++0x";
				CLANG_CXX_LIBRARY = "libc++";
				CLANG_ENABLE_OBJC_ARC = YES;
				CLANG_WARN_CONSTANT_CONVERSION = YES;
				CLANG_WARN_EMPTY_BODY = YES;
				CLANG_WARN_ENUM_CONVERSION = YES;
				CLANG_WARN_INT_CONVERSION = YES;
				CLANG_WARN__DUPLICATE_METHOD_MATCH = YES;
				"CODE_SIGN_IDENTITY[sdk=iphoneos*]" = "iPhone Developer";
				COPY_PHASE_STRIP = YES;
				GCC_C_LANGUAGE_STANDARD = gnu99;
				GCC_WARN_ABOUT_RETURN_TYPE = YES;
				GCC_WARN_UNINITIALIZED_AUTOS = YES;
				GCC_WARN_UNUSED_VARIABLE = YES;
				IPHONEOS_DEPLOYMENT_TARGET = 6.1;
				OTHER_CFLAGS = "-DNS_BLOCK_ASSERTIONS=1";
				SDKROOT = iphoneos;
				TARGETED_DEVICE_FAMILY = 2;
				VALIDATE_PRODUCT = YES;
			};
			name = Release;
		};
		6E27F19B1832EF9000B626CE /* Debug */ = {
			isa = XCBuildConfiguration;
			buildSettings = {
				GCC_PRECOMPILE_PREFIX_HEADER = YES;
				GCC_PREFIX_HEADER = "Practice Project 8/Practice Project 8-Prefix.pch";
				INFOPLIST_FILE = "Practice Project 8/Practice Project 8-Info.plist";
				PRODUCT_NAME = "$(TARGET_NAME)";
				WRAPPER_EXTENSION = app;
			};
			name = Debug;
		};
		6E27F19C1832EF9000B626CE /* Release */ = {
			isa = XCBuildConfiguration;
			buildSettings = {
				GCC_PRECOMPILE_PREFIX_HEADER = YES;
				GCC_PREFIX_HEADER = "Practice Project 8/Practice Project 8-Prefix.pch";
				INFOPLIST_FILE = "Practice Project 8/Practice Project 8-Info.plist";
				PRODUCT_NAME = "$(TARGET_NAME)";
				WRAPPER_EXTENSION = app;
			};
			name = Release;
		};
		6E27F19E1832EF9000B626CE /* Debug */ = {
			isa = XCBuildConfiguration;
			buildSettings = {
				BUNDLE_LOADER = "$(BUILT_PRODUCTS_DIR)/Practice Project 8.app/Practice Project 8";
				FRAMEWORK_SEARCH_PATHS = (
					"\"$(SDKROOT)/Developer/Library/Frameworks\"",
					"\"$(DEVELOPER_LIBRARY_DIR)/Frameworks\"",
				);
				GCC_PRECOMPILE_PREFIX_HEADER = YES;
				GCC_PREFIX_HEADER = "Practice Project 8/Practice Project 8-Prefix.pch";
				INFOPLIST_FILE = "Practice Project 8Tests/Practice Project 8Tests-Info.plist";
				PRODUCT_NAME = "$(TARGET_NAME)";
				TEST_HOST = "$(BUNDLE_LOADER)";
				WRAPPER_EXTENSION = octest;
			};
			name = Debug;
		};
		6E27F19F1832EF9000B626CE /* Release */ = {
			isa = XCBuildConfiguration;
			buildSettings = {
				BUNDLE_LOADER = "$(BUILT_PRODUCTS_DIR)/Practice Project 8.app/Practice Project 8";
				FRAMEWORK_SEARCH_PATHS = (
					"\"$(SDKROOT)/Developer/Library/Frameworks\"",
					"\"$(DEVELOPER_LIBRARY_DIR)/Frameworks\"",
				);
				GCC_PRECOMPILE_PREFIX_HEADER = YES;
				GCC_PREFIX_HEADER = "Practice Project 8/Practice Project 8-Prefix.pch";
				INFOPLIST_FILE = "Practice Project 8Tests/Practice Project 8Tests-Info.plist";
				PRODUCT_NAME = "$(TARGET_NAME)";
				TEST_HOST = "$(BUNDLE_LOADER)";
				WRAPPER_EXTENSION = octest;
			};
			name = Release;
		};
/* End XCBuildConfiguration section */

/* Begin XCConfigurationList section */
		6E27F15D1832EF8F00B626CE /* Build configuration list for PBXProject "Practice Project 8" */ = {
			isa = XCConfigurationList;
			buildConfigurations = (
				6E27F1981832EF9000B626CE /* Debug */,
				6E27F1991832EF9000B626CE /* Release */,
			);
			defaultConfigurationIsVisible = 0;
			defaultConfigurationName = Release;
		};
		6E27F19A1832EF9000B626CE /* Build configuration list for PBXNativeTarget "Practice Project 8" */ = {
			isa = XCConfigurationList;
			buildConfigurations = (
				6E27F19B1832EF9000B626CE /* Debug */,
				6E27F19C1832EF9000B626CE /* Release */,
			);
			defaultConfigurationIsVisible = 0;
		};
		6E27F19D1832EF9000B626CE /* Build configuration list for PBXNativeTarget "Practice Project 8Tests" */ = {
			isa = XCConfigurationList;
			buildConfigurations = (
				6E27F19E1832EF9000B626CE /* Debug */,
				6E27F19F1832EF9000B626CE /* Release */,
			);
			defaultConfigurationIsVisible = 0;
		};
/* End XCConfigurationList section */
	};
	rootObject = 6E27F15A1832EF8F00B626CE /* Project object */;
}
